// !$*UTF8*$!
{
	archiveVersion = 1;
	classes = {
	};
	objectVersion = 50;
	objects = {

/* Begin PBXBuildFile section */
		7E13BE08269991E900B1D78B /* Tests_iOS.swift in Sources */ = {isa = PBXBuildFile; fileRef = 7E13BE07269991E900B1D78B /* Tests_iOS.swift */; };
		7E13BE17269991E900B1D78B /* FramesApp.swift in Sources */ = {isa = PBXBuildFile; fileRef = 7E13BDEB269991E700B1D78B /* FramesApp.swift */; };
		7E13BE1D269991E900B1D78B /* Assets.xcassets in Resources */ = {isa = PBXBuildFile; fileRef = 7E13BDEE269991E900B1D78B /* Assets.xcassets */; };
		7E13BE392699944B00B1D78B /* Welcome.swift in Sources */ = {isa = PBXBuildFile; fileRef = 7E13BE342699944B00B1D78B /* Welcome.swift */; };
		7E13BE3B2699944B00B1D78B /* Augment.swift in Sources */ = {isa = PBXBuildFile; fileRef = 7E13BE352699944B00B1D78B /* Augment.swift */; };
		7E13BE4C2699946100B1D78B /* Model.swift in Sources */ = {isa = PBXBuildFile; fileRef = 7E13BE412699946100B1D78B /* Model.swift */; };
		7E88617B26B16C5100AAF923 /* Browse.swift in Sources */ = {isa = PBXBuildFile; fileRef = 7E88617A26B16C5100AAF923 /* Browse.swift */; };
		7EB6C3CD26B2BA68004C5AF0 /* ImageAlert.swift in Sources */ = {isa = PBXBuildFile; fileRef = 7EB6C3CC26B2BA68004C5AF0 /* ImageAlert.swift */; };
		7EEA2C0226AC94DB0070FE4C /* Editor.swift in Sources */ = {isa = PBXBuildFile; fileRef = 7EEA2C0126AC94DB0070FE4C /* Editor.swift */; };
		7EEFDCD62699950A006D4984 /* Window.swift in Sources */ = {isa = PBXBuildFile; fileRef = 7EEFDCD42699950A006D4984 /* Window.swift */; };
/* End PBXBuildFile section */

/* Begin PBXContainerItemProxy section */
		7E13BE04269991E900B1D78B /* PBXContainerItemProxy */ = {
			isa = PBXContainerItemProxy;
			containerPortal = 7E13BDE4269991E700B1D78B /* Project object */;
			proxyType = 1;
			remoteGlobalIDString = 7E13BDF2269991E900B1D78B;
			remoteInfo = "Frames (iOS)";
		};
/* End PBXContainerItemProxy section */

/* Begin PBXFileReference section */
		7E13BDEB269991E700B1D78B /* FramesApp.swift */ = {isa = PBXFileReference; lastKnownFileType = sourcecode.swift; path = FramesApp.swift; sourceTree = "<group>"; };
		7E13BDEE269991E900B1D78B /* Assets.xcassets */ = {isa = PBXFileReference; lastKnownFileType = folder.assetcatalog; path = Assets.xcassets; sourceTree = "<group>"; };
		7E13BDF3269991E900B1D78B /* Frames.app */ = {isa = PBXFileReference; explicitFileType = wrapper.application; includeInIndex = 0; path = Frames.app; sourceTree = BUILT_PRODUCTS_DIR; };
		7E13BDF6269991E900B1D78B /* Info.plist */ = {isa = PBXFileReference; lastKnownFileType = text.plist.xml; path = Info.plist; sourceTree = "<group>"; };
		7E13BE03269991E900B1D78B /* Tests iOS.xctest */ = {isa = PBXFileReference; explicitFileType = wrapper.cfbundle; includeInIndex = 0; path = "Tests iOS.xctest"; sourceTree = BUILT_PRODUCTS_DIR; };
		7E13BE07269991E900B1D78B /* Tests_iOS.swift */ = {isa = PBXFileReference; lastKnownFileType = sourcecode.swift; path = Tests_iOS.swift; sourceTree = "<group>"; };
		7E13BE09269991E900B1D78B /* Info.plist */ = {isa = PBXFileReference; lastKnownFileType = text.plist.xml; path = Info.plist; sourceTree = "<group>"; };
		7E13BE342699944B00B1D78B /* Welcome.swift */ = {isa = PBXFileReference; fileEncoding = 4; lastKnownFileType = sourcecode.swift; path = Welcome.swift; sourceTree = "<group>"; };
		7E13BE352699944B00B1D78B /* Augment.swift */ = {isa = PBXFileReference; fileEncoding = 4; lastKnownFileType = sourcecode.swift; path = Augment.swift; sourceTree = "<group>"; };
		7E13BE412699946100B1D78B /* Model.swift */ = {isa = PBXFileReference; fileEncoding = 4; lastKnownFileType = sourcecode.swift; path = Model.swift; sourceTree = "<group>"; };
		7E88617A26B16C5100AAF923 /* Browse.swift */ = {isa = PBXFileReference; lastKnownFileType = sourcecode.swift; path = Browse.swift; sourceTree = "<group>"; };
		7EB6C3CC26B2BA68004C5AF0 /* ImageAlert.swift */ = {isa = PBXFileReference; lastKnownFileType = sourcecode.swift; path = ImageAlert.swift; sourceTree = "<group>"; };
		7EEA2C0126AC94DB0070FE4C /* Editor.swift */ = {isa = PBXFileReference; lastKnownFileType = sourcecode.swift; path = Editor.swift; sourceTree = "<group>"; };
		7EEFDCD42699950A006D4984 /* Window.swift */ = {isa = PBXFileReference; fileEncoding = 4; lastKnownFileType = sourcecode.swift; path = Window.swift; sourceTree = "<group>"; };
		7EEFDCDF26999ED3006D4984 /* Frames.entitlements */ = {isa = PBXFileReference; lastKnownFileType = text.plist.entitlements; path = Frames.entitlements; sourceTree = "<group>"; };
		7EEFDCE126999EE7006D4984 /* CloudKit.framework */ = {isa = PBXFileReference; lastKnownFileType = wrapper.framework; name = CloudKit.framework; path = Platforms/iPhoneOS.platform/Developer/SDKs/iPhoneOS14.5.sdk/System/Library/Frameworks/CloudKit.framework; sourceTree = DEVELOPER_DIR; };
/* End PBXFileReference section */

/* Begin PBXFrameworksBuildPhase section */
		7E13BDF0269991E900B1D78B /* Frameworks */ = {
			isa = PBXFrameworksBuildPhase;
			buildActionMask = 2147483647;
			files = (
			);
			runOnlyForDeploymentPostprocessing = 0;
		};
		7E13BE00269991E900B1D78B /* Frameworks */ = {
			isa = PBXFrameworksBuildPhase;
			buildActionMask = 2147483647;
			files = (
			);
			runOnlyForDeploymentPostprocessing = 0;
		};
/* End PBXFrameworksBuildPhase section */

/* Begin PBXGroup section */
		7E13BDE3269991E700B1D78B = {
			isa = PBXGroup;
			children = (
				7EEFDCDF26999ED3006D4984 /* Frames.entitlements */,
				7E13BDE8269991E700B1D78B /* Shared */,
				7E13BDEE269991E900B1D78B /* Assets.xcassets */,
				7E13BDF5269991E900B1D78B /* iOS */,
				7E13BE06269991E900B1D78B /* Tests iOS */,
				7E13BDF4269991E900B1D78B /* Products */,
				7EEFDCE026999EE7006D4984 /* Frameworks */,
			);
			sourceTree = "<group>";
		};
		7E13BDE8269991E700B1D78B /* Shared */ = {
			isa = PBXGroup;
			children = (
				7E13BDEB269991E700B1D78B /* FramesApp.swift */,
				7E13BE412699946100B1D78B /* Model.swift */,
				7EEFDCDA26999594006D4984 /* Views */,
			);
			path = Shared;
			sourceTree = "<group>";
		};
		7E13BDF4269991E900B1D78B /* Products */ = {
			isa = PBXGroup;
			children = (
				7E13BDF3269991E900B1D78B /* Frames.app */,
				7E13BE03269991E900B1D78B /* Tests iOS.xctest */,
			);
			name = Products;
			sourceTree = "<group>";
		};
		7E13BDF5269991E900B1D78B /* iOS */ = {
			isa = PBXGroup;
			children = (
				7E13BDF6269991E900B1D78B /* Info.plist */,
			);
			path = iOS;
			sourceTree = "<group>";
		};
		7E13BE06269991E900B1D78B /* Tests iOS */ = {
			isa = PBXGroup;
			children = (
				7E13BE07269991E900B1D78B /* Tests_iOS.swift */,
				7E13BE09269991E900B1D78B /* Info.plist */,
			);
			path = "Tests iOS";
			sourceTree = "<group>";
		};
		7EEFDCDA26999594006D4984 /* Views */ = {
			isa = PBXGroup;
			children = (
				7EEFDCD42699950A006D4984 /* Window.swift */,
				7E13BE342699944B00B1D78B /* Welcome.swift */,
				7E88617A26B16C5100AAF923 /* Browse.swift */,
				7EEA2C0126AC94DB0070FE4C /* Editor.swift */,
				7E13BE352699944B00B1D78B /* Augment.swift */,
				7EB6C3CC26B2BA68004C5AF0 /* ImageAlert.swift */,
			);
			path = Views;
			sourceTree = "<group>";
		};
		7EEFDCE026999EE7006D4984 /* Frameworks */ = {
			isa = PBXGroup;
			children = (
				7EEFDCE126999EE7006D4984 /* CloudKit.framework */,
			);
			name = Frameworks;
			sourceTree = "<group>";
		};
/* End PBXGroup section */

/* Begin PBXNativeTarget section */
		7E13BDF2269991E900B1D78B /* Frames (iOS) */ = {
			isa = PBXNativeTarget;
			buildConfigurationList = 7E13BE21269991E900B1D78B /* Build configuration list for PBXNativeTarget "Frames (iOS)" */;
			buildPhases = (
				7E13BDEF269991E900B1D78B /* Sources */,
				7E13BDF0269991E900B1D78B /* Frameworks */,
				7E13BDF1269991E900B1D78B /* Resources */,
			);
			buildRules = (
			);
			dependencies = (
			);
			name = "Frames (iOS)";
			packageProductDependencies = (
			);
			productName = "Frames (iOS)";
			productReference = 7E13BDF3269991E900B1D78B /* Frames.app */;
			productType = "com.apple.product-type.application";
		};
		7E13BE02269991E900B1D78B /* Tests iOS */ = {
			isa = PBXNativeTarget;
			buildConfigurationList = 7E13BE27269991E900B1D78B /* Build configuration list for PBXNativeTarget "Tests iOS" */;
			buildPhases = (
				7E13BDFF269991E900B1D78B /* Sources */,
				7E13BE00269991E900B1D78B /* Frameworks */,
				7E13BE01269991E900B1D78B /* Resources */,
			);
			buildRules = (
			);
			dependencies = (
				7E13BE05269991E900B1D78B /* PBXTargetDependency */,
			);
			name = "Tests iOS";
			productName = "Tests iOS";
			productReference = 7E13BE03269991E900B1D78B /* Tests iOS.xctest */;
			productType = "com.apple.product-type.bundle.ui-testing";
		};
/* End PBXNativeTarget section */

/* Begin PBXProject section */
		7E13BDE4269991E700B1D78B /* Project object */ = {
			isa = PBXProject;
			attributes = {
				LastSwiftUpdateCheck = 1250;
				LastUpgradeCheck = 1250;
				TargetAttributes = {
					7E13BDF2269991E900B1D78B = {
						CreatedOnToolsVersion = 12.5.1;
					};
					7E13BE02269991E900B1D78B = {
						CreatedOnToolsVersion = 12.5.1;
						TestTargetID = 7E13BDF2269991E900B1D78B;
					};
				};
			};
			buildConfigurationList = 7E13BDE7269991E700B1D78B /* Build configuration list for PBXProject "Frames" */;
			compatibilityVersion = "Xcode 9.3";
			developmentRegion = en;
			hasScannedForEncodings = 0;
			knownRegions = (
				en,
				Base,
			);
			mainGroup = 7E13BDE3269991E700B1D78B;
			packageReferences = (
			);
			productRefGroup = 7E13BDF4269991E900B1D78B /* Products */;
			projectDirPath = "";
			projectRoot = "";
			targets = (
				7E13BDF2269991E900B1D78B /* Frames (iOS) */,
				7E13BE02269991E900B1D78B /* Tests iOS */,
			);
		};
/* End PBXProject section */

/* Begin PBXResourcesBuildPhase section */
		7E13BDF1269991E900B1D78B /* Resources */ = {
			isa = PBXResourcesBuildPhase;
			buildActionMask = 2147483647;
			files = (
				7E13BE1D269991E900B1D78B /* Assets.xcassets in Resources */,
			);
			runOnlyForDeploymentPostprocessing = 0;
		};
		7E13BE01269991E900B1D78B /* Resources */ = {
			isa = PBXResourcesBuildPhase;
			buildActionMask = 2147483647;
			files = (
			);
			runOnlyForDeploymentPostprocessing = 0;
		};
/* End PBXResourcesBuildPhase section */

/* Begin PBXSourcesBuildPhase section */
		7E13BDEF269991E900B1D78B /* Sources */ = {
			isa = PBXSourcesBuildPhase;
			buildActionMask = 2147483647;
			files = (
				7E13BE392699944B00B1D78B /* Welcome.swift in Sources */,
				7E88617B26B16C5100AAF923 /* Browse.swift in Sources */,
				7EEA2C0226AC94DB0070FE4C /* Editor.swift in Sources */,
				7E13BE17269991E900B1D78B /* FramesApp.swift in Sources */,
				7EEFDCD62699950A006D4984 /* Window.swift in Sources */,
				7E13BE3B2699944B00B1D78B /* Augment.swift in Sources */,
				7EB6C3CD26B2BA68004C5AF0 /* ImageAlert.swift in Sources */,
				7E13BE4C2699946100B1D78B /* Model.swift in Sources */,
			);
			runOnlyForDeploymentPostprocessing = 0;
		};
		7E13BDFF269991E900B1D78B /* Sources */ = {
			isa = PBXSourcesBuildPhase;
			buildActionMask = 2147483647;
			files = (
				7E13BE08269991E900B1D78B /* Tests_iOS.swift in Sources */,
			);
			runOnlyForDeploymentPostprocessing = 0;
		};
/* End PBXSourcesBuildPhase section */

/* Begin PBXTargetDependency section */
		7E13BE05269991E900B1D78B /* PBXTargetDependency */ = {
			isa = PBXTargetDependency;
			target = 7E13BDF2269991E900B1D78B /* Frames (iOS) */;
			targetProxy = 7E13BE04269991E900B1D78B /* PBXContainerItemProxy */;
		};
/* End PBXTargetDependency section */

/* Begin XCBuildConfiguration section */
		7E13BE1F269991E900B1D78B /* Debug */ = {
			isa = XCBuildConfiguration;
			buildSettings = {
				ALWAYS_SEARCH_USER_PATHS = NO;
				CLANG_ANALYZER_NONNULL = YES;
				CLANG_ANALYZER_NUMBER_OBJECT_CONVERSION = YES_AGGRESSIVE;
				CLANG_CXX_LANGUAGE_STANDARD = "gnu++14";
				CLANG_CXX_LIBRARY = "libc++";
				CLANG_ENABLE_MODULES = YES;
				CLANG_ENABLE_OBJC_ARC = YES;
				CLANG_ENABLE_OBJC_WEAK = YES;
				CLANG_WARN_BLOCK_CAPTURE_AUTORELEASING = YES;
				CLANG_WARN_BOOL_CONVERSION = YES;
				CLANG_WARN_COMMA = YES;
				CLANG_WARN_CONSTANT_CONVERSION = YES;
				CLANG_WARN_DEPRECATED_OBJC_IMPLEMENTATIONS = YES;
				CLANG_WARN_DIRECT_OBJC_ISA_USAGE = YES_ERROR;
				CLANG_WARN_DOCUMENTATION_COMMENTS = YES;
				CLANG_WARN_EMPTY_BODY = YES;
				CLANG_WARN_ENUM_CONVERSION = YES;
				CLANG_WARN_INFINITE_RECURSION = YES;
				CLANG_WARN_INT_CONVERSION = YES;
				CLANG_WARN_NON_LITERAL_NULL_CONVERSION = YES;
				CLANG_WARN_OBJC_IMPLICIT_RETAIN_SELF = YES;
				CLANG_WARN_OBJC_LITERAL_CONVERSION = YES;
				CLANG_WARN_OBJC_ROOT_CLASS = YES_ERROR;
				CLANG_WARN_QUOTED_INCLUDE_IN_FRAMEWORK_HEADER = YES;
				CLANG_WARN_RANGE_LOOP_ANALYSIS = YES;
				CLANG_WARN_STRICT_PROTOTYPES = YES;
				CLANG_WARN_SUSPICIOUS_MOVE = YES;
				CLANG_WARN_UNGUARDED_AVAILABILITY = YES_AGGRESSIVE;
				CLANG_WARN_UNREACHABLE_CODE = YES;
				CLANG_WARN__DUPLICATE_METHOD_MATCH = YES;
				COPY_PHASE_STRIP = NO;
				DEBUG_INFORMATION_FORMAT = dwarf;
				ENABLE_STRICT_OBJC_MSGSEND = YES;
				ENABLE_TESTABILITY = YES;
				GCC_C_LANGUAGE_STANDARD = gnu11;
				GCC_DYNAMIC_NO_PIC = NO;
				GCC_NO_COMMON_BLOCKS = YES;
				GCC_OPTIMIZATION_LEVEL = 0;
				GCC_PREPROCESSOR_DEFINITIONS = (
					"DEBUG=1",
					"$(inherited)",
				);
				GCC_WARN_64_TO_32_BIT_CONVERSION = YES;
				GCC_WARN_ABOUT_RETURN_TYPE = YES_ERROR;
				GCC_WARN_UNDECLARED_SELECTOR = YES;
				GCC_WARN_UNINITIALIZED_AUTOS = YES_AGGRESSIVE;
				GCC_WARN_UNUSED_FUNCTION = YES;
				GCC_WARN_UNUSED_VARIABLE = YES;
				MTL_ENABLE_DEBUG_INFO = INCLUDE_SOURCE;
				MTL_FAST_MATH = YES;
				ONLY_ACTIVE_ARCH = YES;
				SWIFT_ACTIVE_COMPILATION_CONDITIONS = DEBUG;
				SWIFT_OPTIMIZATION_LEVEL = "-Onone";
			};
			name = Debug;
		};
		7E13BE20269991E900B1D78B /* Release */ = {
			isa = XCBuildConfiguration;
			buildSettings = {
				ALWAYS_SEARCH_USER_PATHS = NO;
				CLANG_ANALYZER_NONNULL = YES;
				CLANG_ANALYZER_NUMBER_OBJECT_CONVERSION = YES_AGGRESSIVE;
				CLANG_CXX_LANGUAGE_STANDARD = "gnu++14";
				CLANG_CXX_LIBRARY = "libc++";
				CLANG_ENABLE_MODULES = YES;
				CLANG_ENABLE_OBJC_ARC = YES;
				CLANG_ENABLE_OBJC_WEAK = YES;
				CLANG_WARN_BLOCK_CAPTURE_AUTORELEASING = YES;
				CLANG_WARN_BOOL_CONVERSION = YES;
				CLANG_WARN_COMMA = YES;
				CLANG_WARN_CONSTANT_CONVERSION = YES;
				CLANG_WARN_DEPRECATED_OBJC_IMPLEMENTATIONS = YES;
				CLANG_WARN_DIRECT_OBJC_ISA_USAGE = YES_ERROR;
				CLANG_WARN_DOCUMENTATION_COMMENTS = YES;
				CLANG_WARN_EMPTY_BODY = YES;
				CLANG_WARN_ENUM_CONVERSION = YES;
				CLANG_WARN_INFINITE_RECURSION = YES;
				CLANG_WARN_INT_CONVERSION = YES;
				CLANG_WARN_NON_LITERAL_NULL_CONVERSION = YES;
				CLANG_WARN_OBJC_IMPLICIT_RETAIN_SELF = YES;
				CLANG_WARN_OBJC_LITERAL_CONVERSION = YES;
				CLANG_WARN_OBJC_ROOT_CLASS = YES_ERROR;
				CLANG_WARN_QUOTED_INCLUDE_IN_FRAMEWORK_HEADER = YES;
				CLANG_WARN_RANGE_LOOP_ANALYSIS = YES;
				CLANG_WARN_STRICT_PROTOTYPES = YES;
				CLANG_WARN_SUSPICIOUS_MOVE = YES;
				CLANG_WARN_UNGUARDED_AVAILABILITY = YES_AGGRESSIVE;
				CLANG_WARN_UNREACHABLE_CODE = YES;
				CLANG_WARN__DUPLICATE_METHOD_MATCH = YES;
				COPY_PHASE_STRIP = NO;
				DEBUG_INFORMATION_FORMAT = "dwarf-with-dsym";
				ENABLE_NS_ASSERTIONS = NO;
				ENABLE_STRICT_OBJC_MSGSEND = YES;
				GCC_C_LANGUAGE_STANDARD = gnu11;
				GCC_NO_COMMON_BLOCKS = YES;
				GCC_WARN_64_TO_32_BIT_CONVERSION = YES;
				GCC_WARN_ABOUT_RETURN_TYPE = YES_ERROR;
				GCC_WARN_UNDECLARED_SELECTOR = YES;
				GCC_WARN_UNINITIALIZED_AUTOS = YES_AGGRESSIVE;
				GCC_WARN_UNUSED_FUNCTION = YES;
				GCC_WARN_UNUSED_VARIABLE = YES;
				MTL_ENABLE_DEBUG_INFO = NO;
				MTL_FAST_MATH = YES;
				SWIFT_COMPILATION_MODE = wholemodule;
				SWIFT_OPTIMIZATION_LEVEL = "-O";
			};
			name = Release;
		};
		7E13BE22269991E900B1D78B /* Debug */ = {
			isa = XCBuildConfiguration;
			buildSettings = {
				ASSETCATALOG_COMPILER_APPICON_NAME = AppIcon;
				ASSETCATALOG_COMPILER_GLOBAL_ACCENT_COLOR_NAME = AccentColor;
				CODE_SIGN_ENTITLEMENTS = Frames.entitlements;
				CODE_SIGN_STYLE = Automatic;
				CURRENT_PROJECT_VERSION = 82;
				DEVELOPMENT_TEAM = VX5CR539N9;
				ENABLE_PREVIEWS = YES;
				INFOPLIST_FILE = iOS/Info.plist;
				IPHONEOS_DEPLOYMENT_TARGET = 14.0;
				LD_RUNPATH_SEARCH_PATHS = (
					"$(inherited)",
					"@executable_path/Frameworks",
				);
				PRODUCT_BUNDLE_IDENTIFIER = com.thorskjold.frames;
				PRODUCT_NAME = Frames;
				SDKROOT = iphoneos;
				SUPPORTS_MACCATALYST = NO;
				SWIFT_VERSION = 5.0;
				TARGETED_DEVICE_FAMILY = "1,2";
			};
			name = Debug;
		};
		7E13BE23269991E900B1D78B /* Release */ = {
			isa = XCBuildConfiguration;
			buildSettings = {
				ASSETCATALOG_COMPILER_APPICON_NAME = AppIcon;
				ASSETCATALOG_COMPILER_GLOBAL_ACCENT_COLOR_NAME = AccentColor;
				CODE_SIGN_ENTITLEMENTS = Frames.entitlements;
				CODE_SIGN_STYLE = Automatic;
				CURRENT_PROJECT_VERSION = 82;
				DEVELOPMENT_TEAM = VX5CR539N9;
				ENABLE_PREVIEWS = YES;
				INFOPLIST_FILE = iOS/Info.plist;
				IPHONEOS_DEPLOYMENT_TARGET = 14.0;
				LD_RUNPATH_SEARCH_PATHS = (
					"$(inherited)",
					"@executable_path/Frameworks",
				);
				PRODUCT_BUNDLE_IDENTIFIER = com.thorskjold.frames;
				PRODUCT_NAME = Frames;
				SDKROOT = iphoneos;
				SUPPORTS_MACCATALYST = NO;
				SWIFT_VERSION = 5.0;
				TARGETED_DEVICE_FAMILY = "1,2";
				VALIDATE_PRODUCT = YES;
			};
			name = Release;
		};
		7E13BE28269991E900B1D78B /* Debug */ = {
			isa = XCBuildConfiguration;
			buildSettings = {
				ALWAYS_EMBED_SWIFT_STANDARD_LIBRARIES = YES;
				CODE_SIGN_STYLE = Automatic;
				DEVELOPMENT_TEAM = VX5CR539N9;
				INFOPLIST_FILE = "Tests iOS/Info.plist";
				IPHONEOS_DEPLOYMENT_TARGET = 14.5;
				LD_RUNPATH_SEARCH_PATHS = (
					"$(inherited)",
					"@executable_path/Frameworks",
					"@loader_path/Frameworks",
				);
				PRODUCT_BUNDLE_IDENTIFIER = "thorskjold.Tests-iOS";
				PRODUCT_NAME = "$(TARGET_NAME)";
				SDKROOT = iphoneos;
				SWIFT_VERSION = 5.0;
				TARGETED_DEVICE_FAMILY = "1,2";
				TEST_TARGET_NAME = "Frames (iOS)";
			};
			name = Debug;
		};
		7E13BE29269991E900B1D78B /* Release */ = {
			isa = XCBuildConfiguration;
			buildSettings = {
				ALWAYS_EMBED_SWIFT_STANDARD_LIBRARIES = YES;
				CODE_SIGN_STYLE = Automatic;
				DEVELOPMENT_TEAM = VX5CR539N9;
				INFOPLIST_FILE = "Tests iOS/Info.plist";
				IPHONEOS_DEPLOYMENT_TARGET = 14.5;
				LD_RUNPATH_SEARCH_PATHS = (
					"$(inherited)",
					"@executable_path/Frameworks",
					"@loader_path/Frameworks",
				);
				PRODUCT_BUNDLE_IDENTIFIER = "thorskjold.Tests-iOS";
				PRODUCT_NAME = "$(TARGET_NAME)";
				SDKROOT = iphoneos;
				SWIFT_VERSION = 5.0;
				TARGETED_DEVICE_FAMILY = "1,2";
				TEST_TARGET_NAME = "Frames (iOS)";
				VALIDATE_PRODUCT = YES;
			};
			name = Release;
		};
/* End XCBuildConfiguration section */

/* Begin XCConfigurationList section */
		7E13BDE7269991E700B1D78B /* Build configuration list for PBXProject "Frames" */ = {
			isa = XCConfigurationList;
			buildConfigurations = (
				7E13BE1F269991E900B1D78B /* Debug */,
				7E13BE20269991E900B1D78B /* Release */,
			);
			defaultConfigurationIsVisible = 0;
			defaultConfigurationName = Release;
		};
		7E13BE21269991E900B1D78B /* Build configuration list for PBXNativeTarget "Frames (iOS)" */ = {
			isa = XCConfigurationList;
			buildConfigurations = (
				7E13BE22269991E900B1D78B /* Debug */,
				7E13BE23269991E900B1D78B /* Release */,
			);
			defaultConfigurationIsVisible = 0;
			defaultConfigurationName = Release;
		};
		7E13BE27269991E900B1D78B /* Build configuration list for PBXNativeTarget "Tests iOS" */ = {
			isa = XCConfigurationList;
			buildConfigurations = (
				7E13BE28269991E900B1D78B /* Debug */,
				7E13BE29269991E900B1D78B /* Release */,
			);
			defaultConfigurationIsVisible = 0;
			defaultConfigurationName = Release;
		};
/* End XCConfigurationList section */
	};
	rootObject = 7E13BDE4269991E700B1D78B /* Project object */;
}
